{
  "version": 4,
  "terraform_version": "0.12.6",
  "serial": 159,
  "lineage": "067a46db-ab80-9738-d431-a97d666ed3b9",
  "outputs": {},
  "resources": [
    {
      "mode": "managed",
      "type": "cloudflare_page_rule",
      "name": "always_use_https",
      "provider": "provider.cloudflare",
      "instances": [
        {
          "schema_version": 0,
          "attributes": {
            "actions": [
              {
                "always_online": "",
                "always_use_https": true,
                "automatic_https_rewrites": "",
                "browser_cache_ttl": "",
                "browser_check": "",
                "bypass_cache_on_cookie": "",
                "cache_by_device_type": "",
                "cache_deception_armor": "",
                "cache_level": "",
                "cache_on_cookie": "",
                "disable_apps": false,
                "disable_performance": false,
                "disable_railgun": false,
                "disable_security": false,
                "edge_cache_ttl": 0,
                "email_obfuscation": "",
                "explicit_cache_control": "",
                "forwarding_url": [],
                "host_header_override": "",
                "ip_geolocation": "",
                "minify": [],
                "mirage": "",
                "opportunistic_encryption": "",
                "origin_error_page_pass_thru": "",
                "polish": "",
                "resolve_override": "",
                "respect_strong_etag": "",
                "response_buffering": "",
                "rocket_loader": "",
                "security_level": "",
                "server_side_exclude": "",
                "sort_query_string_for_cache": "",
                "ssl": "",
                "true_client_ip_header": "",
                "waf": ""
              }
            ],
            "id": "6b3044393f458d730b7479db4aeacf4a",
            "priority": 2,
            "status": "active",
            "target": "http://*.gardenstate.tech/*",
            "zone": "gardenstate.tech",
            "zone_id": "3838f54999b4e43c495b08e7b0d28f92"
          },
          "private": "eyJzY2hlbWFfdmVyc2lvbiI6IjAifQ=="
        }
      ]
    },
    {
      "mode": "managed",
      "type": "cloudflare_page_rule",
      "name": "naked_redirect",
      "provider": "provider.cloudflare",
      "instances": [
        {
          "schema_version": 0,
          "attributes": {
            "actions": [
              {
                "always_online": "",
                "always_use_https": false,
                "automatic_https_rewrites": "",
                "browser_cache_ttl": "",
                "browser_check": "",
                "bypass_cache_on_cookie": "",
                "cache_by_device_type": "",
                "cache_deception_armor": "",
                "cache_level": "",
                "cache_on_cookie": "",
                "disable_apps": false,
                "disable_performance": false,
                "disable_railgun": false,
                "disable_security": false,
                "edge_cache_ttl": 0,
                "email_obfuscation": "",
                "explicit_cache_control": "",
                "forwarding_url": [
                  {
                    "status_code": 302,
                    "url": "https://njcareers.org/"
                  }
                ],
                "host_header_override": "",
                "ip_geolocation": "",
                "minify": [],
                "mirage": "",
                "opportunistic_encryption": "",
                "origin_error_page_pass_thru": "",
                "polish": "",
                "resolve_override": "",
                "respect_strong_etag": "",
                "response_buffering": "",
                "rocket_loader": "",
                "security_level": "",
                "server_side_exclude": "",
                "sort_query_string_for_cache": "",
                "ssl": "",
                "true_client_ip_header": "",
                "waf": ""
              }
            ],
            "id": "28cfa3c3091cee97cbfd9f1e6e2f36c5",
            "priority": 1,
            "status": "active",
            "target": "gardenstate.tech/*",
            "zone": "gardenstate.tech",
            "zone_id": "3838f54999b4e43c495b08e7b0d28f92"
          },
          "private": "bnVsbA==",
          "depends_on": [
            "cloudflare_zone.default"
          ]
        }
      ]
    },
    {
      "mode": "managed",
      "type": "cloudflare_record",
      "name": "A_1",
      "provider": "provider.cloudflare",
      "instances": [
        {
          "schema_version": 1,
          "attributes": {
            "created_on": "2019-06-14T23:01:41.968972Z",
            "data": {},
            "domain": "gardenstate.tech",
            "hostname": "gardenstate.tech",
            "id": "426f6d061452965c32b5aba36d8afcb2",
            "metadata": {
              "auto_added": "false",
              "managed_by_apps": "false",
              "managed_by_argo_tunnel": "false"
            },
            "modified_on": "2019-06-14T23:01:41.968972Z",
            "name": "gardenstate.tech",
            "priority": 0,
            "proxiable": true,
            "proxied": true,
            "ttl": 1,
            "type": "A",
            "value": "185.199.108.153",
            "zone_id": "3838f54999b4e43c495b08e7b0d28f92"
          },
          "private": "eyJzY2hlbWFfdmVyc2lvbiI6IjEifQ=="
        }
      ]
    },
    {
      "mode": "managed",
      "type": "cloudflare_record",
      "name": "A_2",
      "provider": "provider.cloudflare",
      "instances": [
        {
          "schema_version": 1,
          "attributes": {
            "created_on": "2019-06-14T23:01:42.707177Z",
            "data": {},
            "domain": "gardenstate.tech",
            "hostname": "gardenstate.tech",
            "id": "787d866426600976c3a72f0c84ac9157",
            "metadata": {
              "auto_added": "false",
              "managed_by_apps": "false",
              "managed_by_argo_tunnel": "false"
            },
            "modified_on": "2019-06-14T23:01:42.707177Z",
            "name": "gardenstate.tech",
            "priority": 0,
            "proxiable": true,
            "proxied": true,
            "ttl": 1,
            "type": "A",
            "value": "185.199.109.153",
            "zone_id": "3838f54999b4e43c495b08e7b0d28f92"
          },
          "private": "eyJzY2hlbWFfdmVyc2lvbiI6IjEifQ=="
        }
      ]
    },
    {
      "mode": "managed",
      "type": "cloudflare_record",
      "name": "A_3",
      "provider": "provider.cloudflare",
      "instances": [
        {
          "schema_version": 1,
          "attributes": {
            "created_on": "2019-06-14T23:01:43.175065Z",
            "data": {},
            "domain": "gardenstate.tech",
            "hostname": "gardenstate.tech",
            "id": "7370f34143331ed83b3ae479e7eb47a0",
            "metadata": {
              "auto_added": "false",
              "managed_by_apps": "false",
              "managed_by_argo_tunnel": "false"
            },
            "modified_on": "2019-06-14T23:01:43.175065Z",
            "name": "gardenstate.tech",
            "priority": 0,
            "proxiable": true,
            "proxied": true,
            "ttl": 1,
            "type": "A",
            "value": "185.199.110.153",
            "zone_id": "3838f54999b4e43c495b08e7b0d28f92"
          },
          "private": "eyJzY2hlbWFfdmVyc2lvbiI6IjEifQ=="
        }
      ]
    },
    {
      "mode": "managed",
      "type": "cloudflare_record",
      "name": "A_4",
      "provider": "provider.cloudflare",
      "instances": [
        {
          "schema_version": 1,
          "attributes": {
            "created_on": "2019-06-14T23:01:44.483802Z",
            "data": {},
            "domain": "gardenstate.tech",
            "hostname": "gardenstate.tech",
            "id": "ab64468e98a9639067c7aace46bef810",
            "metadata": {
              "auto_added": "false",
              "managed_by_apps": "false",
              "managed_by_argo_tunnel": "false"
            },
            "modified_on": "2019-06-14T23:01:44.483802Z",
            "name": "gardenstate.tech",
            "priority": 0,
            "proxiable": true,
            "proxied": true,
            "ttl": 1,
            "type": "A",
            "value": "185.199.111.153",
            "zone_id": "3838f54999b4e43c495b08e7b0d28f92"
          },
          "private": "eyJzY2hlbWFfdmVyc2lvbiI6IjEifQ=="
        }
      ]
    },
    {
      "mode": "managed",
      "type": "cloudflare_record",
      "name": "CNAME_intercom__domainkey",
      "provider": "provider.cloudflare",
      "instances": [
        {
          "schema_version": 1,
          "attributes": {
            "created_on": "2019-10-10T05:51:27.417532Z",
            "data": {},
            "domain": "gardenstate.tech",
            "hostname": "intercom._domainkey.gardenstate.tech",
            "id": "64dea0bb73b6429565a97a2142320626",
            "metadata": {
              "auto_added": "false",
              "managed_by_apps": "false",
              "managed_by_argo_tunnel": "false"
            },
            "modified_on": "2019-10-10T05:51:27.417532Z",
            "name": "intercom._domainkey",
            "priority": 0,
            "proxiable": false,
            "proxied": false,
            "ttl": 1,
            "type": "CNAME",
            "value": "c1f45e04-1683-4859-b3de-3ae472eb267d.dkim.intercom.io",
            "zone_id": "3838f54999b4e43c495b08e7b0d28f92"
          },
          "private": "eyJzY2hlbWFfdmVyc2lvbiI6IjEifQ=="
        }
      ]
    },
    {
      "mode": "managed",
      "type": "cloudflare_record",
      "name": "MX",
      "provider": "provider.cloudflare",
      "instances": [
        {
          "schema_version": 1,
          "attributes": {
            "created_on": "2019-06-07T04:42:46.123632Z",
            "data": {},
            "domain": "gardenstate.tech",
            "hostname": "gardenstate.tech",
            "id": "ba14469bf82247e7866531731d0a23d3",
            "metadata": {
              "auto_added": "false",
              "managed_by_apps": "false",
              "managed_by_argo_tunnel": "false"
            },
            "modified_on": "2019-06-07T04:42:46.123632Z",
            "name": "gardenstate.tech",
            "priority": 1,
            "proxiable": false,
            "proxied": false,
            "ttl": 1,
            "type": "MX",
            "value": "aspmx.l.google.com",
            "zone_id": "3838f54999b4e43c495b08e7b0d28f92"
          },
          "private": "eyJzY2hlbWFfdmVyc2lvbiI6IjEifQ=="
        }
      ]
    },
    {
      "mode": "managed",
      "type": "cloudflare_record",
      "name": "MX_alt1",
      "provider": "provider.cloudflare",
      "instances": [
        {
          "schema_version": 1,
          "attributes": {
            "created_on": "2019-06-07T04:43:03.10789Z",
            "data": {},
            "domain": "gardenstate.tech",
            "hostname": "gardenstate.tech",
            "id": "8d1272176676ccefbaa142a602a43bea",
            "metadata": {
              "auto_added": "false",
              "managed_by_apps": "false",
              "managed_by_argo_tunnel": "false"
            },
            "modified_on": "2019-06-07T04:43:03.10789Z",
            "name": "gardenstate.tech",
            "priority": 5,
            "proxiable": false,
            "proxied": false,
            "ttl": 1,
            "type": "MX",
            "value": "alt1.aspmx.l.google.com",
            "zone_id": "3838f54999b4e43c495b08e7b0d28f92"
          },
          "private": "eyJzY2hlbWFfdmVyc2lvbiI6IjEifQ=="
        }
      ]
    },
    {
      "mode": "managed",
      "type": "cloudflare_record",
      "name": "MX_alt2",
      "provider": "provider.cloudflare",
      "instances": [
        {
          "schema_version": 1,
          "attributes": {
            "created_on": "2019-06-07T04:43:16.394562Z",
            "data": {},
            "domain": "gardenstate.tech",
            "hostname": "gardenstate.tech",
            "id": "d3c9fac7c825423cc6d4579c0c5c50c1",
            "metadata": {
              "auto_added": "false",
              "managed_by_apps": "false",
              "managed_by_argo_tunnel": "false"
            },
            "modified_on": "2019-06-07T04:43:16.394562Z",
            "name": "gardenstate.tech",
            "priority": 5,
            "proxiable": false,
            "proxied": false,
            "ttl": 1,
            "type": "MX",
            "value": "alt2.aspmx.l.google.com",
            "zone_id": "3838f54999b4e43c495b08e7b0d28f92"
          },
          "private": "eyJzY2hlbWFfdmVyc2lvbiI6IjEifQ=="
        }
      ]
    },
    {
      "mode": "managed",
      "type": "cloudflare_record",
      "name": "MX_alt3",
      "provider": "provider.cloudflare",
      "instances": [
        {
          "schema_version": 1,
          "attributes": {
            "created_on": "2019-06-07T04:43:27.940314Z",
            "data": {},
            "domain": "gardenstate.tech",
            "hostname": "gardenstate.tech",
            "id": "29e49e16bbcf97ae39ececb19a34aa85",
            "metadata": {
              "auto_added": "false",
              "managed_by_apps": "false",
              "managed_by_argo_tunnel": "false"
            },
            "modified_on": "2019-06-07T04:43:27.940314Z",
            "name": "gardenstate.tech",
            "priority": 10,
            "proxiable": false,
            "proxied": false,
            "ttl": 1,
            "type": "MX",
            "value": "alt3.aspmx.l.google.com",
            "zone_id": "3838f54999b4e43c495b08e7b0d28f92"
          },
          "private": "eyJzY2hlbWFfdmVyc2lvbiI6IjEifQ=="
        }
      ]
    },
    {
      "mode": "managed",
      "type": "cloudflare_record",
      "name": "MX_alt4",
      "provider": "provider.cloudflare",
      "instances": [
        {
          "schema_version": 1,
          "attributes": {
            "created_on": "2019-06-07T04:43:39.769984Z",
            "data": {},
            "domain": "gardenstate.tech",
            "hostname": "gardenstate.tech",
            "id": "161aae248c7ed85cfeef088a60f07bf9",
            "metadata": {
              "auto_added": "false",
              "managed_by_apps": "false",
              "managed_by_argo_tunnel": "false"
            },
            "modified_on": "2019-06-07T04:43:39.769984Z",
            "name": "gardenstate.tech",
            "priority": 10,
            "proxiable": false,
            "proxied": false,
            "ttl": 1,
            "type": "MX",
            "value": "alt4.aspmx.l.google.com",
            "zone_id": "3838f54999b4e43c495b08e7b0d28f92"
          },
          "private": "eyJzY2hlbWFfdmVyc2lvbiI6IjEifQ=="
        }
      ]
    },
    {
      "mode": "managed",
      "type": "cloudflare_record",
      "name": "TXT_SPF",
      "provider": "provider.cloudflare",
      "instances": [
        {
          "schema_version": 1,
          "attributes": {
            "created_on": "2020-02-14T21:53:40.278859Z",
            "data": {},
            "domain": "gardenstate.tech",
            "hostname": "gardenstate.tech",
            "id": "acc3b9f684449f5a8ddb9a4b92b621da",
            "metadata": {
              "auto_added": "false",
              "managed_by_apps": "false",
              "managed_by_argo_tunnel": "false"
            },
            "modified_on": "2020-02-14T21:53:40.278859Z",
            "name": "gardenstate.tech",
            "priority": 0,
            "proxiable": false,
            "proxied": false,
            "ttl": 1,
            "type": "TXT",
            "value": "v=spf1 include:_spf.google.com ~all",
            "zone_id": "3838f54999b4e43c495b08e7b0d28f92"
          },
          "private": "eyJzY2hlbWFfdmVyc2lvbiI6IjEifQ=="
        }
      ]
    },
    {
      "mode": "managed",
      "type": "cloudflare_record",
      "name": "TXT__dmarc",
      "provider": "provider.cloudflare",
      "instances": [
        {
          "schema_version": 1,
          "attributes": {
            "created_on": "2019-06-08T05:56:31.420561Z",
            "data": {},
            "domain": "gardenstate.tech",
            "hostname": "_dmarc.gardenstate.tech",
            "id": "484694102bda3e64d279d099679a0c5d",
            "metadata": {
              "auto_added": "false",
              "managed_by_apps": "false",
              "managed_by_argo_tunnel": "false"
            },
            "modified_on": "2019-06-08T05:56:31.420561Z",
            "name": "_dmarc",
            "priority": 0,
            "proxiable": false,
            "proxied": false,
            "ttl": 1,
            "type": "TXT",
            "value": "v=DMARC1; p=none; rua=mailto:dmarc@gardenstate.tech",
            "zone_id": "3838f54999b4e43c495b08e7b0d28f92"
          },
          "private": "eyJzY2hlbWFfdmVyc2lvbiI6IjEifQ=="
        }
      ]
    },
    {
      "mode": "managed",
      "type": "cloudflare_record",
      "name": "TXT_google-site-verification_1",
      "provider": "provider.cloudflare",
      "instances": [
        {
          "schema_version": 1,
          "attributes": {
            "created_on": "2019-06-10T00:02:41.859667Z",
            "data": {},
            "domain": "gardenstate.tech",
            "hostname": "gardenstate.tech",
            "id": "6d6f3a95c35a690f642f3242370fb2ca",
            "metadata": {
              "auto_added": "false",
              "managed_by_apps": "false",
              "managed_by_argo_tunnel": "false"
            },
            "modified_on": "2019-06-10T00:02:41.859667Z",
            "name": "gardenstate.tech",
            "priority": 0,
            "proxiable": false,
            "proxied": false,
            "ttl": 1,
            "type": "TXT",
            "value": "google-site-verification=C9aMo8068K37GJjA5wASydeTeunuuFWy9zm33qaMSOU",
            "zone_id": "3838f54999b4e43c495b08e7b0d28f92"
          },
          "private": "eyJzY2hlbWFfdmVyc2lvbiI6IjEifQ=="
        }
      ]
    },
    {
      "mode": "managed",
      "type": "cloudflare_record",
      "name": "TXT_google-site-verification_2",
      "provider": "provider.cloudflare",
      "instances": [
        {
          "schema_version": 1,
          "attributes": {
            "created_on": "2019-06-07T04:42:04.620579Z",
            "data": {},
            "domain": "gardenstate.tech",
            "hostname": "gardenstate.tech",
            "id": "84c369f0036a80c6fde685337d361bfa",
            "metadata": {
              "auto_added": "false",
              "managed_by_apps": "false",
              "managed_by_argo_tunnel": "false"
            },
            "modified_on": "2019-06-07T04:42:04.620579Z",
            "name": "gardenstate.tech",
            "priority": 0,
            "proxiable": false,
            "proxied": false,
            "ttl": 1,
            "type": "TXT",
            "value": "google-site-verification=UCvUM5iemPB6eU9Og-Z0P5t1sxE6aY2Kj8Zu-TmN8Og",
            "zone_id": "3838f54999b4e43c495b08e7b0d28f92"
          },
          "private": "eyJzY2hlbWFfdmVyc2lvbiI6IjEifQ=="
        }
      ]
    },
    {
      "mode": "managed",
      "type": "cloudflare_record",
      "name": "TXT_google__domainkey",
      "provider": "provider.cloudflare",
      "instances": [
        {
          "schema_version": 1,
          "attributes": {
            "created_on": "2019-06-08T05:51:46.85228Z",
            "data": {},
            "domain": "gardenstate.tech",
            "hostname": "google._domainkey.gardenstate.tech",
            "id": "abf50fd45f31963ce2472c3f9dfca60f",
            "metadata": {
              "auto_added": "false",
              "managed_by_apps": "false",
              "managed_by_argo_tunnel": "false"
            },
            "modified_on": "2019-06-08T05:51:46.85228Z",
            "name": "google._domainkey",
            "priority": 0,
            "proxiable": false,
            "proxied": false,
            "ttl": 1,
            "type": "TXT",
            "value": "v=DKIM1; k=rsa; p=MIIBIjANBgkqhkiG9w0BAQEFAAOCAQ8AMIIBCgKCAQEAnoGHjAEWvgElArJzU7A4HqoCC/9EhnFsxI2nY2uBzRq0pBN78sOB0n7ty8/KhLuA0kvb+jQLafARe7LkFIU9Rhb20OpDD0H73m+VdQjgBMAOg7dOAqHbISywwtWWS7h1pWsK6/4y9p1SIjNygnES8w6uRCyF/e4iKz4QNQnYmSgP25Y+KmujrvcYqILy+oB0Km4qr40vIf+hfXhr4/nAqTj33TXLR9/Er+KrDk69NYlR980dhVA9tENQTgAYz9BUJnwWi1RQOZY2YhIZTs3QZXDuL//jOqkBTtqbitKuwUBhnqQPGPWEawR/gP/fJULYzrNniS8o4dQ+NWK34Uck8wIDAQAB",
            "zone_id": "3838f54999b4e43c495b08e7b0d28f92"
          },
          "private": "eyJzY2hlbWFfdmVyc2lvbiI6IjEifQ=="
        }
      ]
    },
    {
      "mode": "managed",
      "type": "cloudflare_zone",
      "name": "default",
      "provider": "provider.cloudflare",
      "instances": [
        {
          "schema_version": 0,
          "attributes": {
            "id": "3838f54999b4e43c495b08e7b0d28f92",
            "jump_start": null,
            "meta": {
              "phishing_detected": "false",
              "wildcard_proxiable": "false"
            },
            "name_servers": [
              "norman.ns.cloudflare.com",
              "violet.ns.cloudflare.com"
            ],
            "paused": false,
            "plan": "free",
            "status": "active",
            "type": "full",
            "vanity_name_servers": [],
            "zone": "gardenstate.tech"
          },
          "private": "eyJzY2hlbWFfdmVyc2lvbiI6IjAifQ=="
        }
      ]
    },
    {
      "mode": "managed",
      "type": "google_dns_managed_zone",
      "name": "default",
      "provider": "provider.google",
      "instances": [
        {
          "schema_version": 0,
          "attributes": {
            "description": "Production NJCN domain.",
            "dns_name": "njcareers.org.",
            "dnssec_config": [
              {
                "default_key_specs": [
                  {
                    "algorithm": "rsasha256",
                    "key_length": 2048,
                    "key_type": "keySigning",
                    "kind": "dns#dnsKeySpec"
                  },
                  {
                    "algorithm": "rsasha256",
                    "key_length": 1024,
                    "key_type": "zoneSigning",
                    "kind": "dns#dnsKeySpec"
                  }
                ],
                "kind": "dns#managedZoneDnsSecConfig",
                "non_existence": "nsec3",
                "state": "on"
              }
            ],
            "id": "projects/nj-career-network/managedZones/njcareers-org",
            "labels": {},
            "name": "njcareers-org",
            "name_servers": [
              "ns-cloud-e1.googledomains.com.",
              "ns-cloud-e2.googledomains.com.",
              "ns-cloud-e3.googledomains.com.",
              "ns-cloud-e4.googledomains.com."
            ],
            "private_visibility_config": [],
            "project": "nj-career-network",
            "timeouts": null,
            "visibility": "public"
          },
          "private": "eyJlMmJmYjczMC1lY2FhLTExZTYtOGY4OC0zNDM2M2JjN2M0YzAiOnsiY3JlYXRlIjoyNDAwMDAwMDAwMDAsImRlbGV0ZSI6MjQwMDAwMDAwMDAwLCJ1cGRhdGUiOjI0MDAwMDAwMDAwMH19"
        }
      ]
    },
    {
      "mode": "managed",
      "type": "google_dns_record_set",
      "name": "a",
      "provider": "provider.google",
      "instances": [
        {
          "schema_version": 0,
          "attributes": {
            "id": "njcareers-org/njcareers.org./A",
            "managed_zone": "njcareers-org",
            "name": "njcareers.org.",
            "project": "nj-career-network",
            "rrdatas": [
              "151.101.1.195",
              "151.101.65.195"
            ],
            "ttl": 300,
            "type": "A"
          },
          "private": "bnVsbA==",
          "depends_on": [
            "google_dns_managed_zone.default"
          ]
        }
      ]
    },
    {
      "mode": "managed",
      "type": "google_dns_record_set",
      "name": "a_preview",
      "provider": "provider.google",
      "instances": [
        {
          "schema_version": 0,
          "attributes": {
            "id": "njcareers-org/preview.njcareers.org./A",
            "managed_zone": "njcareers-org",
            "name": "preview.njcareers.org.",
            "project": "nj-career-network",
            "rrdatas": [
              "151.101.1.195",
              "151.101.65.195"
            ],
            "ttl": 300,
            "type": "A"
          },
          "private": "bnVsbA==",
          "depends_on": [
            "google_dns_managed_zone.default"
          ]
        }
      ]
    },
    {
      "mode": "managed",
      "type": "google_dns_record_set",
      "name": "a_resources",
      "provider": "provider.google",
      "instances": [
        {
          "schema_version": 0,
          "attributes": {
            "id": "njcareers-org/resources.njcareers.org./A",
            "managed_zone": "njcareers-org",
            "name": "resources.njcareers.org.",
            "project": "nj-career-network",
            "rrdatas": [
              "151.101.1.195",
              "151.101.65.195"
            ],
            "ttl": 300,
            "type": "A"
          },
          "private": "bnVsbA==",
          "depends_on": [
            "google_dns_managed_zone.default"
          ]
        }
      ]
    },
    {
      "mode": "managed",
      "type": "google_dns_record_set",
      "name": "a_rgo",
      "provider": "provider.google",
      "instances": [
        {
          "schema_version": 0,
          "attributes": {
            "id": "njcareers-org/go.njcareers.org./A",
            "managed_zone": "njcareers-org",
            "name": "go.njcareers.org.",
            "project": "nj-career-network",
            "rrdatas": [
              "52.72.49.79"
            ],
            "ttl": 300,
            "type": "A"
          },
          "private": "bnVsbA==",
          "depends_on": [
            "google_dns_managed_zone.default"
          ]
        }
      ]
    },
    {
      "mode": "managed",
      "type": "google_dns_record_set",
      "name": "a_www",
      "provider": "provider.google",
      "instances": [
        {
          "schema_version": 0,
          "attributes": {
            "id": "njcareers-org/www.njcareers.org./A",
            "managed_zone": "njcareers-org",
            "name": "www.njcareers.org.",
            "project": "nj-career-network",
            "rrdatas": [
              "151.101.1.195",
              "151.101.65.195"
            ],
            "ttl": 300,
            "type": "A"
          },
          "private": "bnVsbA==",
          "depends_on": [
            "google_dns_managed_zone.default"
          ]
        }
      ]
    },
    {
      "mode": "managed",
      "type": "google_dns_record_set",
      "name": "mx",
      "provider": "provider.google",
      "instances": [
        {
          "schema_version": 0,
          "attributes": {
            "id": "njcareers-org/njcareers.org./MX",
            "managed_zone": "njcareers-org",
            "name": "njcareers.org.",
            "project": "nj-career-network",
            "rrdatas": [
              "1 aspmx.l.google.com.",
              "5 alt1.aspmx.l.google.com.",
              "5 alt2.aspmx.l.google.com.",
              "10 aspmx2.googlemail.com.",
              "10 aspmx3.googlemail.com."
            ],
            "ttl": 3600,
            "type": "MX"
          },
          "private": "bnVsbA==",
          "depends_on": [
            "google_dns_managed_zone.default"
          ]
        }
      ]
    },
    {
      "mode": "managed",
      "type": "google_dns_record_set",
      "name": "txt",
      "provider": "provider.google",
      "instances": [
        {
          "schema_version": 0,
          "attributes": {
            "id": "njcareers-org/njcareers.org./TXT",
            "managed_zone": "njcareers-org",
            "name": "njcareers.org.",
            "project": "nj-career-network",
            "rrdatas": [
              "\"v=spf1 include:_spf.google.com ~all\"",
              "\"google-site-verification=HOyiY3puLWr3BvvAZ_CJIySdMjMe4kEWcPd2utuKnb4\""
            ],
            "ttl": 300,
            "type": "TXT"
          },
          "private": "bnVsbA==",
          "depends_on": [
            "google_dns_managed_zone.default"
          ]
        }
      ]
    },
    {
      "mode": "managed",
      "type": "google_dns_record_set",
      "name": "txt_google__domainkey",
      "provider": "provider.google",
      "instances": [
        {
          "schema_version": 0,
          "attributes": {
            "id": "njcareers-org/google._domainkey.njcareers.org./TXT",
            "managed_zone": "njcareers-org",
            "name": "google._domainkey.njcareers.org.",
            "project": "nj-career-network",
            "rrdatas": [
              "\"v=DKIM1; k=rsa; p=MIIBIjANBgkqhkiG9w0BAQEFAAOCAQ8AMIIBCgKCAQEAh7jI6fq0bp0pB9kxk4svdduiOMS2mxr9kxAq68gPhvbjKAVHX01b3kL0piVhUIa8nDjOAzEyDu+vnr5YxIorNHzr54uQioa5Tqz3vSU7/jNBEy3k4HQmoSAk5/SwnXaUUu9dFOc3PECa5YAWAbYShd5ZLooOsnxxDiV/rG6hZDg\" \"GgW5pyZwdFfJTK4p0Xt61n54LxIz7VArK6Bfb/EPnJ54s6Rpg4hwpyClREZGTFampKQg9TdFdCNjZ7KC6XEr5iZh5e5MSVAyyK3GSvTnr1FgIbUiLlQzNfjg1f1Vz09DphbywNcFTPfSGyUn6FNeSz3ifolT6jpYYl2h9O8XKywIDAQAB\""
            ],
            "ttl": 3600,
            "type": "TXT"
          },
          "private": "bnVsbA==",
          "depends_on": [
            "google_dns_managed_zone.default"
          ]
        }
      ]
    }
  ]
}
